
Microsoft Visual Studio Solution File, Format Version 12.00
# Visual Studio Version 17
VisualStudioVersion = 17.13.35617.110
MinimumVisualStudioVersion = 10.0.40219.1
Project("{FAE04EC0-301F-11D3-BF4B-00C04F79EFBC}") = "01_MainSubjects", "01_MainSubjects\01_MainSubjects.csproj", "{472227E7-4B57-42D5-8F41-87AEEE8A3138}"
EndProject
Project("{FAE04EC0-301F-11D3-BF4B-00C04F79EFBC}") = "02_Veriables", "02_Veriables\02_Veriables.csproj", "{857745D3-7D6E-4532-B081-1F0752AA851F}"
EndProject
Project("{FAE04EC0-301F-11D3-BF4B-00C04F79EFBC}") = "03_MakingDesicion", "03_MakingDesicion\03_MakingDesicion.csproj", "{61D03E74-18F7-429E-9B8C-9140DD1DCA30}"
EndProject
Project("{FAE04EC0-301F-11D3-BF4B-00C04F79EFBC}") = "04_Loops", "04_Loops\04_Loops.csproj", "{51CA4451-1945-4592-83D3-86A57178270D}"
EndProject
Project("{FAE04EC0-301F-11D3-BF4B-00C04F79EFBC}") = "05_LoopsWithStars", "05_LoopsWithStars\05_LoopsWithStars.csproj", "{E5A4E46B-4CAE-4D17-A060-BC13EFF4BFD2}"
EndProject
Project("{FAE04EC0-301F-11D3-BF4B-00C04F79EFBC}") = "06_Arrays", "06_Arrays\06_Arrays.csproj", "{C41AB3FF-1ED0-4580-B225-D529F01898F3}"
EndProject
Global
	GlobalSection(SolutionConfigurationPlatforms) = preSolution
		Debug|Any CPU = Debug|Any CPU
		Release|Any CPU = Release|Any CPU
	EndGlobalSection
	GlobalSection(ProjectConfigurationPlatforms) = postSolution
		{472227E7-4B57-42D5-8F41-87AEEE8A3138}.Debug|Any CPU.ActiveCfg = Debug|Any CPU
		{472227E7-4B57-42D5-8F41-87AEEE8A3138}.Debug|Any CPU.Build.0 = Debug|Any CPU
		{472227E7-4B57-42D5-8F41-87AEEE8A3138}.Release|Any CPU.ActiveCfg = Release|Any CPU
		{472227E7-4B57-42D5-8F41-87AEEE8A3138}.Release|Any CPU.Build.0 = Release|Any CPU
		{857745D3-7D6E-4532-B081-1F0752AA851F}.Debug|Any CPU.ActiveCfg = Debug|Any CPU
		{857745D3-7D6E-4532-B081-1F0752AA851F}.Debug|Any CPU.Build.0 = Debug|Any CPU
		{857745D3-7D6E-4532-B081-1F0752AA851F}.Release|Any CPU.ActiveCfg = Release|Any CPU
		{857745D3-7D6E-4532-B081-1F0752AA851F}.Release|Any CPU.Build.0 = Release|Any CPU
		{61D03E74-18F7-429E-9B8C-9140DD1DCA30}.Debug|Any CPU.ActiveCfg = Debug|Any CPU
		{61D03E74-18F7-429E-9B8C-9140DD1DCA30}.Debug|Any CPU.Build.0 = Debug|Any CPU
		{61D03E74-18F7-429E-9B8C-9140DD1DCA30}.Release|Any CPU.ActiveCfg = Release|Any CPU
		{61D03E74-18F7-429E-9B8C-9140DD1DCA30}.Release|Any CPU.Build.0 = Release|Any CPU
		{51CA4451-1945-4592-83D3-86A57178270D}.Debug|Any CPU.ActiveCfg = Debug|Any CPU
		{51CA4451-1945-4592-83D3-86A57178270D}.Debug|Any CPU.Build.0 = Debug|Any CPU
		{51CA4451-1945-4592-83D3-86A57178270D}.Release|Any CPU.ActiveCfg = Release|Any CPU
		{51CA4451-1945-4592-83D3-86A57178270D}.Release|Any CPU.Build.0 = Release|Any CPU
		{E5A4E46B-4CAE-4D17-A060-BC13EFF4BFD2}.Debug|Any CPU.ActiveCfg = Debug|Any CPU
		{E5A4E46B-4CAE-4D17-A060-BC13EFF4BFD2}.Debug|Any CPU.Build.0 = Debug|Any CPU
		{E5A4E46B-4CAE-4D17-A060-BC13EFF4BFD2}.Release|Any CPU.ActiveCfg = Release|Any CPU
		{E5A4E46B-4CAE-4D17-A060-BC13EFF4BFD2}.Release|Any CPU.Build.0 = Release|Any CPU
		{C41AB3FF-1ED0-4580-B225-D529F01898F3}.Debug|Any CPU.ActiveCfg = Debug|Any CPU
		{C41AB3FF-1ED0-4580-B225-D529F01898F3}.Debug|Any CPU.Build.0 = Debug|Any CPU
		{C41AB3FF-1ED0-4580-B225-D529F01898F3}.Release|Any CPU.ActiveCfg = Release|Any CPU
		{C41AB3FF-1ED0-4580-B225-D529F01898F3}.Release|Any CPU.Build.0 = Release|Any CPU
	EndGlobalSection
	GlobalSection(SolutionProperties) = preSolution
		HideSolutionNode = FALSE
	EndGlobalSection
	GlobalSection(ExtensibilityGlobals) = postSolution
		SolutionGuid = {74EE3B7D-BDEF-43BA-BADD-0FED1DAA77A1}
	EndGlobalSection
EndGlobal
